
Microsoft Visual Studio Solution File, Format Version 12.00
# Visual Studio 14
VisualStudioVersion = 14.0.24720.0
MinimumVisualStudioVersion = 10.0.40219.1
Project("{FAE04EC0-301F-11D3-BF4B-00C04F79EFBC}") = "UnitTest", "UnitTest\UnitTest.csproj", "{8804C1BF-46DF-4EEA-AB52-4E7FE7F5CCBB}"
EndProject
Project("{FAE04EC0-301F-11D3-BF4B-00C04F79EFBC}") = "UnitTestTests", "UnitTestTests\UnitTestTests.csproj", "{2C568303-4B3B-40C7-9C00-8100FDB6F871}"
EndProject
Global
	GlobalSection(SolutionConfigurationPlatforms) = preSolution
		Debug|Any CPU = Debug|Any CPU
		Release|Any CPU = Release|Any CPU
	EndGlobalSection
	GlobalSection(ProjectConfigurationPlatforms) = postSolution
		{8804C1BF-46DF-4EEA-AB52-4E7FE7F5CCBB}.Debug|Any CPU.ActiveCfg = Debug|Any CPU
		{8804C1BF-46DF-4EEA-AB52-4E7FE7F5CCBB}.Debug|Any CPU.Build.0 = Debug|Any CPU
		{8804C1BF-46DF-4EEA-AB52-4E7FE7F5CCBB}.Release|Any CPU.ActiveCfg = Release|Any CPU
		{8804C1BF-46DF-4EEA-AB52-4E7FE7F5CCBB}.Release|Any CPU.Build.0 = Release|Any CPU
		{2C568303-4B3B-40C7-9C00-8100FDB6F871}.Debug|Any CPU.ActiveCfg = Debug|Any CPU
		{2C568303-4B3B-40C7-9C00-8100FDB6F871}.Debug|Any CPU.Build.0 = Debug|Any CPU
		{2C568303-4B3B-40C7-9C00-8100FDB6F871}.Release|Any CPU.ActiveCfg = Release|Any CPU
		{2C568303-4B3B-40C7-9C00-8100FDB6F871}.Release|Any CPU.Build.0 = Release|Any CPU
	EndGlobalSection
	GlobalSection(SolutionProperties) = preSolution
		HideSolutionNode = FALSE
	EndGlobalSection
EndGlobal
